
Microsoft Visual Studio Solution File, Format Version 12.00
# Visual Studio Version 16
VisualStudioVersion = 16.0.30611.23
MinimumVisualStudioVersion = 10.0.40219.1
Project("{8BC9CEB8-8B4A-11D0-8D11-00A0C91BC942}") = "balls_3_in_a_row", "balls_3_in_a_row\balls_3_in_a_row.vcxproj", "{688E4CA0-596C-4ECC-898E-F88601FF0881}"
EndProject
Global
	GlobalSection(SolutionConfigurationPlatforms) = preSolution
		Debug|x64 = Debug|x64
		Debug|x86 = Debug|x86
		Release|x64 = Release|x64
		Release|x86 = Release|x86
	EndGlobalSection
	GlobalSection(ProjectConfigurationPlatforms) = postSolution
		{688E4CA0-596C-4ECC-898E-F88601FF0881}.Debug|x64.ActiveCfg = Debug|x64
		{688E4CA0-596C-4ECC-898E-F88601FF0881}.Debug|x64.Build.0 = Debug|x64
		{688E4CA0-596C-4ECC-898E-F88601FF0881}.Debug|x86.ActiveCfg = Debug|Win32
		{688E4CA0-596C-4ECC-898E-F88601FF0881}.Debug|x86.Build.0 = Debug|Win32
		{688E4CA0-596C-4ECC-898E-F88601FF0881}.Release|x64.ActiveCfg = Release|x64
		{688E4CA0-596C-4ECC-898E-F88601FF0881}.Release|x64.Build.0 = Release|x64
		{688E4CA0-596C-4ECC-898E-F88601FF0881}.Release|x86.ActiveCfg = Release|Win32
		{688E4CA0-596C-4ECC-898E-F88601FF0881}.Release|x86.Build.0 = Release|Win32
	EndGlobalSection
	GlobalSection(SolutionProperties) = preSolution
		HideSolutionNode = FALSE
	EndGlobalSection
	GlobalSection(ExtensibilityGlobals) = postSolution
		SolutionGuid = {EF6DE458-C849-4CBB-80E1-1C17ED6232C9}
	EndGlobalSection
EndGlobal
